Microsoft Visual Studio Solution File, Format Version 12.00
# Visual Studio Version 17
VisualStudioVersion = 17.5.2.0
MinimumVisualStudioVersion = 10.0.40219.1
Project("{2150E333-8FDC-42A3-9474-1A3956D46DE8}") = "AplicacionAPI", "AplicacionAPI", "{04A143D5-3868-3AFA-F41F-EE76CBCE0BA1}"
EndProject
Project("{2150E333-8FDC-42A3-9474-1A3956D46DE8}") = "ClientManager", "ClientManager", "{AC34EF08-4B35-2D88-1964-401BE57D7CC4}"
EndProject
Project("{FAE04EC0-301F-11D3-BF4B-00C04F79EFBC}") = "ClientManager.API", "AplicacionAPI\ClientManager\ClientManager.API\ClientManager.API.csproj", "{A0C58575-8E31-12A8-7698-1DB9F714F7BB}"
EndProject
Global
	GlobalSection(SolutionConfigurationPlatforms) = preSolution
		Debug|Any CPU = Debug|Any CPU
		Release|Any CPU = Release|Any CPU
	EndGlobalSection
	GlobalSection(ProjectConfigurationPlatforms) = postSolution
		{A0C58575-8E31-12A8-7698-1DB9F714F7BB}.Debug|Any CPU.ActiveCfg = Debug|Any CPU
		{A0C58575-8E31-12A8-7698-1DB9F714F7BB}.Debug|Any CPU.Build.0 = Debug|Any CPU
		{A0C58575-8E31-12A8-7698-1DB9F714F7BB}.Release|Any CPU.ActiveCfg = Release|Any CPU
		{A0C58575-8E31-12A8-7698-1DB9F714F7BB}.Release|Any CPU.Build.0 = Release|Any CPU
	EndGlobalSection
	GlobalSection(SolutionProperties) = preSolution
		HideSolutionNode = FALSE
	EndGlobalSection
	GlobalSection(NestedProjects) = preSolution
		{AC34EF08-4B35-2D88-1964-401BE57D7CC4} = {04A143D5-3868-3AFA-F41F-EE76CBCE0BA1}
		{A0C58575-8E31-12A8-7698-1DB9F714F7BB} = {AC34EF08-4B35-2D88-1964-401BE57D7CC4}
	EndGlobalSection
	GlobalSection(ExtensibilityGlobals) = postSolution
		SolutionGuid = {54E7A688-AE90-4228-B236-3FF48EA86F1A}
	EndGlobalSection
EndGlobal
